
Microsoft Visual Studio Solution File, Format Version 12.00
# Visual Studio Version 17
VisualStudioVersion = 17.5.002.0
MinimumVisualStudioVersion = 10.0.40219.1
Project("{2150E333-8FDC-42A3-9474-1A3956D46DE8}") = "src", "src", "{4DB79C0E-0ABA-4BF3-A3D8-AC996BADC973}"
EndProject
Project("{9A19103F-16F7-4668-BE54-9A1E7A4F7556}") = "Play.Catalog.Service", "src\Play.Catalog.Service\Play.Catalog.Service.csproj", "{D8DF5278-4D36-4C7C-9113-744B3DCD56D3}"
EndProject
Global
	GlobalSection(SolutionConfigurationPlatforms) = preSolution
		Debug|Any CPU = Debug|Any CPU
		Release|Any CPU = Release|Any CPU
	EndGlobalSection
	GlobalSection(ProjectConfigurationPlatforms) = postSolution
		{D8DF5278-4D36-4C7C-9113-744B3DCD56D3}.Debug|Any CPU.ActiveCfg = Debug|Any CPU
		{D8DF5278-4D36-4C7C-9113-744B3DCD56D3}.Debug|Any CPU.Build.0 = Debug|Any CPU
		{D8DF5278-4D36-4C7C-9113-744B3DCD56D3}.Release|Any CPU.ActiveCfg = Release|Any CPU
		{D8DF5278-4D36-4C7C-9113-744B3DCD56D3}.Release|Any CPU.Build.0 = Release|Any CPU
	EndGlobalSection
	GlobalSection(SolutionProperties) = preSolution
		HideSolutionNode = FALSE
	EndGlobalSection
	GlobalSection(NestedProjects) = preSolution
		{D8DF5278-4D36-4C7C-9113-744B3DCD56D3} = {4DB79C0E-0ABA-4BF3-A3D8-AC996BADC973}
	EndGlobalSection
	GlobalSection(ExtensibilityGlobals) = postSolution
		SolutionGuid = {1CA96193-3191-4E89-BCCD-8E678E2E3288}
	EndGlobalSection
EndGlobal
